
Microsoft Visual Studio Solution File, Format Version 12.00
# Visual Studio Version 17
VisualStudioVersion = 17.13.35825.156 d17.13
MinimumVisualStudioVersion = 10.0.40219.1
Project("{FAE04EC0-301F-11D3-BF4B-00C04F79EFBC}") = "Abc_Veiculos", "Abc_Veiculos\Abc_Veiculos.csproj", "{1EACE387-8E1E-4432-954E-3A59AA614F64}"
EndProject
Global
	GlobalSection(SolutionConfigurationPlatforms) = preSolution
		Debug|Any CPU = Debug|Any CPU
		Release|Any CPU = Release|Any CPU
	EndGlobalSection
	GlobalSection(ProjectConfigurationPlatforms) = postSolution
		{1EACE387-8E1E-4432-954E-3A59AA614F64}.Debug|Any CPU.ActiveCfg = Debug|Any CPU
		{1EACE387-8E1E-4432-954E-3A59AA614F64}.Debug|Any CPU.Build.0 = Debug|Any CPU
		{1EACE387-8E1E-4432-954E-3A59AA614F64}.Release|Any CPU.ActiveCfg = Release|Any CPU
		{1EACE387-8E1E-4432-954E-3A59AA614F64}.Release|Any CPU.Build.0 = Release|Any CPU
	EndGlobalSection
	GlobalSection(SolutionProperties) = preSolution
		HideSolutionNode = FALSE
	EndGlobalSection
	GlobalSection(ExtensibilityGlobals) = postSolution
		SolutionGuid = {16C2B30A-FB23-4497-85F1-89EB889F62DF}
	EndGlobalSection
EndGlobal
